// !$*UTF8*$!
{
	archiveVersion = 1;
	classes = {
	};
	objectVersion = 46;
	objects = {

/* Begin PBXBuildFile section */
		38C8E8D91A99024700A45F13 /* AppDelegate.swift in Sources */ = {isa = PBXBuildFile; fileRef = 38C8E8D81A99024700A45F13 /* AppDelegate.swift */; };
		38C8E8DB1A99024700A45F13 /* RootViewController.swift in Sources */ = {isa = PBXBuildFile; fileRef = 38C8E8DA1A99024700A45F13 /* RootViewController.swift */; };
		38C8E8DD1A99024700A45F13 /* DataViewController.swift in Sources */ = {isa = PBXBuildFile; fileRef = 38C8E8DC1A99024700A45F13 /* DataViewController.swift */; };
		38C8E8DF1A99024700A45F13 /* ModelController.swift in Sources */ = {isa = PBXBuildFile; fileRef = 38C8E8DE1A99024700A45F13 /* ModelController.swift */; };
		38C8E8E21A99024700A45F13 /* Main.storyboard in Resources */ = {isa = PBXBuildFile; fileRef = 38C8E8E01A99024700A45F13 /* Main.storyboard */; };
		38C8E8E41A99024700A45F13 /* Images.xcassets in Resources */ = {isa = PBXBuildFile; fileRef = 38C8E8E31A99024700A45F13 /* Images.xcassets */; };
		38C8E8E71A99024700A45F13 /* LaunchScreen.xib in Resources */ = {isa = PBXBuildFile; fileRef = 38C8E8E51A99024700A45F13 /* LaunchScreen.xib */; };
		38C8E8F31A99024700A45F13 /* safeRideTests.swift in Sources */ = {isa = PBXBuildFile; fileRef = 38C8E8F21A99024700A45F13 /* safeRideTests.swift */; };
/* End PBXBuildFile section */

/* Begin PBXContainerItemProxy section */
		38C8E8ED1A99024700A45F13 /* PBXContainerItemProxy */ = {
			isa = PBXContainerItemProxy;
			containerPortal = 38C8E8CB1A99024700A45F13 /* Project object */;
			proxyType = 1;
			remoteGlobalIDString = 38C8E8D21A99024700A45F13;
			remoteInfo = safeRide;
		};
/* End PBXContainerItemProxy section */

/* Begin PBXFileReference section */
		38C8E8D31A99024700A45F13 /* safeRide.app */ = {isa = PBXFileReference; explicitFileType = wrapper.application; includeInIndex = 0; path = safeRide.app; sourceTree = BUILT_PRODUCTS_DIR; };
		38C8E8D71A99024700A45F13 /* Info.plist */ = {isa = PBXFileReference; lastKnownFileType = text.plist.xml; path = Info.plist; sourceTree = "<group>"; };
		38C8E8D81A99024700A45F13 /* AppDelegate.swift */ = {isa = PBXFileReference; lastKnownFileType = sourcecode.swift; path = AppDelegate.swift; sourceTree = "<group>"; };
		38C8E8DA1A99024700A45F13 /* RootViewController.swift */ = {isa = PBXFileReference; lastKnownFileType = sourcecode.swift; path = RootViewController.swift; sourceTree = "<group>"; };
		38C8E8DC1A99024700A45F13 /* DataViewController.swift */ = {isa = PBXFileReference; lastKnownFileType = sourcecode.swift; path = DataViewController.swift; sourceTree = "<group>"; };
		38C8E8DE1A99024700A45F13 /* ModelController.swift */ = {isa = PBXFileReference; lastKnownFileType = sourcecode.swift; path = ModelController.swift; sourceTree = "<group>"; };
		38C8E8E11A99024700A45F13 /* Base */ = {isa = PBXFileReference; lastKnownFileType = file.storyboard; name = Base; path = Base.lproj/Main.storyboard; sourceTree = "<group>"; };
		38C8E8E31A99024700A45F13 /* Images.xcassets */ = {isa = PBXFileReference; lastKnownFileType = folder.assetcatalog; path = Images.xcassets; sourceTree = "<group>"; };
		38C8E8E61A99024700A45F13 /* Base */ = {isa = PBXFileReference; lastKnownFileType = file.xib; name = Base; path = Base.lproj/LaunchScreen.xib; sourceTree = "<group>"; };
		38C8E8EC1A99024700A45F13 /* safeRideTests.xctest */ = {isa = PBXFileReference; explicitFileType = wrapper.cfbundle; includeInIndex = 0; path = safeRideTests.xctest; sourceTree = BUILT_PRODUCTS_DIR; };
		38C8E8F11A99024700A45F13 /* Info.plist */ = {isa = PBXFileReference; lastKnownFileType = text.plist.xml; path = Info.plist; sourceTree = "<group>"; };
		38C8E8F21A99024700A45F13 /* safeRideTests.swift */ = {isa = PBXFileReference; lastKnownFileType = sourcecode.swift; path = safeRideTests.swift; sourceTree = "<group>"; };
/* End PBXFileReference section */

/* Begin PBXFrameworksBuildPhase section */
		38C8E8D01A99024700A45F13 /* Frameworks */ = {
			isa = PBXFrameworksBuildPhase;
			buildActionMask = 2147483647;
			files = (
			);
			runOnlyForDeploymentPostprocessing = 0;
		};
		38C8E8E91A99024700A45F13 /* Frameworks */ = {
			isa = PBXFrameworksBuildPhase;
			buildActionMask = 2147483647;
			files = (
			);
			runOnlyForDeploymentPostprocessing = 0;
		};
/* End PBXFrameworksBuildPhase section */

/* Begin PBXGroup section */
		38C8E8CA1A99024600A45F13 = {
			isa = PBXGroup;
			children = (
				38C8E8D51A99024700A45F13 /* safeRide */,
				38C8E8EF1A99024700A45F13 /* safeRideTests */,
				38C8E8D41A99024700A45F13 /* Products */,
			);
			sourceTree = "<group>";
		};
		38C8E8D41A99024700A45F13 /* Products */ = {
			isa = PBXGroup;
			children = (
				38C8E8D31A99024700A45F13 /* safeRide.app */,
				38C8E8EC1A99024700A45F13 /* safeRideTests.xctest */,
			);
			name = Products;
			sourceTree = "<group>";
		};
		38C8E8D51A99024700A45F13 /* safeRide */ = {
			isa = PBXGroup;
			children = (
				38C8E8D81A99024700A45F13 /* AppDelegate.swift */,
				38C8E8DA1A99024700A45F13 /* RootViewController.swift */,
				38C8E8DC1A99024700A45F13 /* DataViewController.swift */,
				38C8E8DE1A99024700A45F13 /* ModelController.swift */,
				38C8E8E01A99024700A45F13 /* Main.storyboard */,
				38C8E8E31A99024700A45F13 /* Images.xcassets */,
				38C8E8E51A99024700A45F13 /* LaunchScreen.xib */,
				38C8E8D61A99024700A45F13 /* Supporting Files */,
			);
			path = safeRide;
			sourceTree = "<group>";
		};
		38C8E8D61A99024700A45F13 /* Supporting Files */ = {
			isa = PBXGroup;
			children = (
				38C8E8D71A99024700A45F13 /* Info.plist */,
			);
			name = "Supporting Files";
			sourceTree = "<group>";
		};
		38C8E8EF1A99024700A45F13 /* safeRideTests */ = {
			isa = PBXGroup;
			children = (
				38C8E8F21A99024700A45F13 /* safeRideTests.swift */,
				38C8E8F01A99024700A45F13 /* Supporting Files */,
			);
			path = safeRideTests;
			sourceTree = "<group>";
		};
		38C8E8F01A99024700A45F13 /* Supporting Files */ = {
			isa = PBXGroup;
			children = (
				38C8E8F11A99024700A45F13 /* Info.plist */,
			);
			name = "Supporting Files";
			sourceTree = "<group>";
		};
/* End PBXGroup section */

/* Begin PBXNativeTarget section */
		38C8E8D21A99024700A45F13 /* safeRide */ = {
			isa = PBXNativeTarget;
			buildConfigurationList = 38C8E8F61A99024700A45F13 /* Build configuration list for PBXNativeTarget "safeRide" */;
			buildPhases = (
				38C8E8CF1A99024700A45F13 /* Sources */,
				38C8E8D01A99024700A45F13 /* Frameworks */,
				38C8E8D11A99024700A45F13 /* Resources */,
			);
			buildRules = (
			);
			dependencies = (
			);
			name = safeRide;
			productName = safeRide;
			productReference = 38C8E8D31A99024700A45F13 /* safeRide.app */;
			productType = "com.apple.product-type.application";
		};
		38C8E8EB1A99024700A45F13 /* safeRideTests */ = {
			isa = PBXNativeTarget;
			buildConfigurationList = 38C8E8F91A99024700A45F13 /* Build configuration list for PBXNativeTarget "safeRideTests" */;
			buildPhases = (
				38C8E8E81A99024700A45F13 /* Sources */,
				38C8E8E91A99024700A45F13 /* Frameworks */,
				38C8E8EA1A99024700A45F13 /* Resources */,
			);
			buildRules = (
			);
			dependencies = (
				38C8E8EE1A99024700A45F13 /* PBXTargetDependency */,
			);
			name = safeRideTests;
			productName = safeRideTests;
			productReference = 38C8E8EC1A99024700A45F13 /* safeRideTests.xctest */;
			productType = "com.apple.product-type.bundle.unit-test";
		};
/* End PBXNativeTarget section */

/* Begin PBXProject section */
		38C8E8CB1A99024700A45F13 /* Project object */ = {
			isa = PBXProject;
			attributes = {
				LastUpgradeCheck = 0610;
				ORGANIZATIONNAME = "Mohamed Kane";
				TargetAttributes = {
					38C8E8D21A99024700A45F13 = {
						CreatedOnToolsVersion = 6.1.1;
					};
					38C8E8EB1A99024700A45F13 = {
						CreatedOnToolsVersion = 6.1.1;
						TestTargetID = 38C8E8D21A99024700A45F13;
					};
				};
			};
			buildConfigurationList = 38C8E8CE1A99024700A45F13 /* Build configuration list for PBXProject "safeRide" */;
			compatibilityVersion = "Xcode 3.2";
			developmentRegion = English;
			hasScannedForEncodings = 0;
			knownRegions = (
				en,
				Base,
			);
			mainGroup = 38C8E8CA1A99024600A45F13;
			productRefGroup = 38C8E8D41A99024700A45F13 /* Products */;
			projectDirPath = "";
			projectRoot = "";
			targets = (
				38C8E8D21A99024700A45F13 /* safeRide */,
				38C8E8EB1A99024700A45F13 /* safeRideTests */,
			);
		};
/* End PBXProject section */

/* Begin PBXResourcesBuildPhase section */
		38C8E8D11A99024700A45F13 /* Resources */ = {
			isa = PBXResourcesBuildPhase;
			buildActionMask = 2147483647;
			files = (
				38C8E8E21A99024700A45F13 /* Main.storyboard in Resources */,
				38C8E8E71A99024700A45F13 /* LaunchScreen.xib in Resources */,
				38C8E8E41A99024700A45F13 /* Images.xcassets in Resources */,
			);
			runOnlyForDeploymentPostprocessing = 0;
		};
		38C8E8EA1A99024700A45F13 /* Resources */ = {
			isa = PBXResourcesBuildPhase;
			buildActionMask = 2147483647;
			files = (
			);
			runOnlyForDeploymentPostprocessing = 0;
		};
/* End PBXResourcesBuildPhase section */

/* Begin PBXSourcesBuildPhase section */
		38C8E8CF1A99024700A45F13 /* Sources */ = {
			isa = PBXSourcesBuildPhase;
			buildActionMask = 2147483647;
			files = (
				38C8E8DB1A99024700A45F13 /* RootViewController.swift in Sources */,
				38C8E8DF1A99024700A45F13 /* ModelController.swift in Sources */,
				38C8E8DD1A99024700A45F13 /* DataViewController.swift in Sources */,
				38C8E8D91A99024700A45F13 /* AppDelegate.swift in Sources */,
			);
			runOnlyForDeploymentPostprocessing = 0;
		};
		38C8E8E81A99024700A45F13 /* Sources */ = {
			isa = PBXSourcesBuildPhase;
			buildActionMask = 2147483647;
			files = (
				38C8E8F31A99024700A45F13 /* safeRideTests.swift in Sources */,
			);
			runOnlyForDeploymentPostprocessing = 0;
		};
/* End PBXSourcesBuildPhase section */

/* Begin PBXTargetDependency section */
		38C8E8EE1A99024700A45F13 /* PBXTargetDependency */ = {
			isa = PBXTargetDependency;
			target = 38C8E8D21A99024700A45F13 /* safeRide */;
			targetProxy = 38C8E8ED1A99024700A45F13 /* PBXContainerItemProxy */;
		};
/* End PBXTargetDependency section */

/* Begin PBXVariantGroup section */
		38C8E8E01A99024700A45F13 /* Main.storyboard */ = {
			isa = PBXVariantGroup;
			children = (
				38C8E8E11A99024700A45F13 /* Base */,
			);
			name = Main.storyboard;
			sourceTree = "<group>";
		};
		38C8E8E51A99024700A45F13 /* LaunchScreen.xib */ = {
			isa = PBXVariantGroup;
			children = (
				38C8E8E61A99024700A45F13 /* Base */,
			);
			name = LaunchScreen.xib;
			sourceTree = "<group>";
		};
/* End PBXVariantGroup section */

/* Begin XCBuildConfiguration section */
		38C8E8F41A99024700A45F13 /* Debug */ = {
			isa = XCBuildConfiguration;
			buildSettings = {
				ALWAYS_SEARCH_USER_PATHS = NO;
				CLANG_CXX_LANGUAGE_STANDARD = "gnu++0x";
				CLANG_CXX_LIBRARY = "libc++";
				CLANG_ENABLE_MODULES = YES;
				CLANG_ENABLE_OBJC_ARC = YES;
				CLANG_WARN_BOOL_CONVERSION = YES;
				CLANG_WARN_CONSTANT_CONVERSION = YES;
				CLANG_WARN_DIRECT_OBJC_ISA_USAGE = YES_ERROR;
				CLANG_WARN_EMPTY_BODY = YES;
				CLANG_WARN_ENUM_CONVERSION = YES;
				CLANG_WARN_INT_CONVERSION = YES;
				CLANG_WARN_OBJC_ROOT_CLASS = YES_ERROR;
				CLANG_WARN_UNREACHABLE_CODE = YES;
				CLANG_WARN__DUPLICATE_METHOD_MATCH = YES;
				"CODE_SIGN_IDENTITY[sdk=iphoneos*]" = "iPhone Developer";
				COPY_PHASE_STRIP = NO;
				ENABLE_STRICT_OBJC_MSGSEND = YES;
				GCC_C_LANGUAGE_STANDARD = gnu99;
				GCC_DYNAMIC_NO_PIC = NO;
				GCC_OPTIMIZATION_LEVEL = 0;
				GCC_PREPROCESSOR_DEFINITIONS = (
					"DEBUG=1",
					"$(inherited)",
				);
				GCC_SYMBOLS_PRIVATE_EXTERN = NO;
				GCC_WARN_64_TO_32_BIT_CONVERSION = YES;
				GCC_WARN_ABOUT_RETURN_TYPE = YES_ERROR;
				GCC_WARN_UNDECLARED_SELECTOR = YES;
				GCC_WARN_UNINITIALIZED_AUTOS = YES_AGGRESSIVE;
				GCC_WARN_UNUSED_FUNCTION = YES;
				GCC_WARN_UNUSED_VARIABLE = YES;
				IPHONEOS_DEPLOYMENT_TARGET = 8.1;
				MTL_ENABLE_DEBUG_INFO = YES;
				ONLY_ACTIVE_ARCH = YES;
				SDKROOT = iphoneos;
				SWIFT_OPTIMIZATION_LEVEL = "-Onone";
				TARGETED_DEVICE_FAMILY = "1,2";
			};
			name = Debug;
		};
		38C8E8F51A99024700A45F13 /* Release */ = {
			isa = XCBuildConfiguration;
			buildSettings = {
				ALWAYS_SEARCH_USER_PATHS = NO;
				CLANG_CXX_LANGUAGE_STANDARD = "gnu++0x";
				CLANG_CXX_LIBRARY = "libc++";
				CLANG_ENABLE_MODULES = YES;
				CLANG_ENABLE_OBJC_ARC = YES;
				CLANG_WARN_BOOL_CONVERSION = YES;
				CLANG_WARN_CONSTANT_CONVERSION = YES;
				CLANG_WARN_DIRECT_OBJC_ISA_USAGE = YES_ERROR;
				CLANG_WARN_EMPTY_BODY = YES;
				CLANG_WARN_ENUM_CONVERSION = YES;
				CLANG_WARN_INT_CONVERSION = YES;
				CLANG_WARN_OBJC_ROOT_CLASS = YES_ERROR;
				CLANG_WARN_UNREACHABLE_CODE = YES;
				CLANG_WARN__DUPLICATE_METHOD_MATCH = YES;
				"CODE_SIGN_IDENTITY[sdk=iphoneos*]" = "iPhone Developer";
				COPY_PHASE_STRIP = YES;
				ENABLE_NS_ASSERTIONS = NO;
				ENABLE_STRICT_OBJC_MSGSEND = YES;
				GCC_C_LANGUAGE_STANDARD = gnu99;
				GCC_WARN_64_TO_32_BIT_CONVERSION = YES;
				GCC_WARN_ABOUT_RETURN_TYPE = YES_ERROR;
				GCC_WARN_UNDECLARED_SELECTOR = YES;
				GCC_WARN_UNINITIALIZED_AUTOS = YES_AGGRESSIVE;
				GCC_WARN_UNUSED_FUNCTION = YES;
				GCC_WARN_UNUSED_VARIABLE = YES;
				IPHONEOS_DEPLOYMENT_TARGET = 8.1;
				MTL_ENABLE_DEBUG_INFO = NO;
				SDKROOT = iphoneos;
				TARGETED_DEVICE_FAMILY = "1,2";
				VALIDATE_PRODUCT = YES;
			};
			name = Release;
		};
		38C8E8F71A99024700A45F13 /* Debug */ = {
			isa = XCBuildConfiguration;
			buildSettings = {
				ASSETCATALOG_COMPILER_APPICON_NAME = AppIcon;
				INFOPLIST_FILE = safeRide/Info.plist;
				LD_RUNPATH_SEARCH_PATHS = "$(inherited) @executable_path/Frameworks";
				PRODUCT_NAME = "$(TARGET_NAME)";
			};
			name = Debug;
		};
		38C8E8F81A99024700A45F13 /* Release */ = {
			isa = XCBuildConfiguration;
			buildSettings = {
				ASSETCATALOG_COMPILER_APPICON_NAME = AppIcon;
				INFOPLIST_FILE = safeRide/Info.plist;
				LD_RUNPATH_SEARCH_PATHS = "$(inherited) @executable_path/Frameworks";
				PRODUCT_NAME = "$(TARGET_NAME)";
			};
			name = Release;
		};
		38C8E8FA1A99024700A45F13 /* Debug */ = {
			isa = XCBuildConfiguration;
			buildSettings = {
				BUNDLE_LOADER = "$(TEST_HOST)";
				FRAMEWORK_SEARCH_PATHS = (
					"$(SDKROOT)/Developer/Library/Frameworks",
					"$(inherited)",
				);
				GCC_PREPROCESSOR_DEFINITIONS = (
					"DEBUG=1",
					"$(inherited)",
				);
				INFOPLIST_FILE = safeRideTests/Info.plist;
				LD_RUNPATH_SEARCH_PATHS = "$(inherited) @executable_path/Frameworks @loader_path/Frameworks";
				PRODUCT_NAME = "$(TARGET_NAME)";
				TEST_HOST = "$(BUILT_PRODUCTS_DIR)/safeRide.app/safeRide";
			};
			name = Debug;
		};
		38C8E8FB1A99024700A45F13 /* Release */ = {
			isa = XCBuildConfiguration;
			buildSettings = {
				BUNDLE_LOADER = "$(TEST_HOST)";
				FRAMEWORK_SEARCH_PATHS = (
					"$(SDKROOT)/Developer/Library/Frameworks",
					"$(inherited)",
				);
				INFOPLIST_FILE = safeRideTests/Info.plist;
				LD_RUNPATH_SEARCH_PATHS = "$(inherited) @executable_path/Frameworks @loader_path/Frameworks";
				PRODUCT_NAME = "$(TARGET_NAME)";
				TEST_HOST = "$(BUILT_PRODUCTS_DIR)/safeRide.app/safeRide";
			};
			name = Release;
		};
/* End XCBuildConfiguration section */

/* Begin XCConfigurationList section */
		38C8E8CE1A99024700A45F13 /* Build configuration list for PBXProject "safeRide" */ = {
			isa = XCConfigurationList;
			buildConfigurations = (
				38C8E8F41A99024700A45F13 /* Debug */,
				38C8E8F51A99024700A45F13 /* Release */,
			);
			defaultConfigurationIsVisible = 0;
			defaultConfigurationName = Release;
		};
		38C8E8F61A99024700A45F13 /* Build configuration list for PBXNativeTarget "safeRide" */ = {
			isa = XCConfigurationList;
			buildConfigurations = (
				38C8E8F71A99024700A45F13 /* Debug */,
				38C8E8F81A99024700A45F13 /* Release */,
			);
			defaultConfigurationIsVisible = 0;
		};
		38C8E8F91A99024700A45F13 /* Build configuration list for PBXNativeTarget "safeRideTests" */ = {
			isa = XCConfigurationList;
			buildConfigurations = (
				38C8E8FA1A99024700A45F13 /* Debug */,
				38C8E8FB1A99024700A45F13 /* Release */,
			);
			defaultConfigurationIsVisible = 0;
		};
/* End XCConfigurationList section */
	};
	rootObject = 38C8E8CB1A99024700A45F13 /* Project object */;
}
